# This file is generated by running "yarn install" inside your project.
# Manual changes might be lost - proceed with caution!

__metadata:
  version: 6
  cacheKey: 8

"lodash@npm:4.17.19":
  version: 4.17.19
  resolution: "lodash@npm:4.17.19"
  checksum: a5cc77099fae9f0052003e8242b06d7572be7c88cbe5152ddf5a3d97bc795cfaf73f10befeb6e23efac84fae94e2255d398cb371349cb3f878c9792a0213cacd
  languageName: node
  linkType: hard

"monorepo@workspace:.":
  version: 0.0.0-use.local
  resolution: "monorepo@workspace:."
  languageName: unknown
  linkType: soft

"nm@workspace:packages/nm":
  version: 0.0.0-use.local
  resolution: "nm@workspace:packages/nm"
  dependencies:
    work1: "workspace:*"
    work2: "workspace:*"
  languageName: unknown
  linkType: soft

"work1@workspace:*, work1@workspace:packages/work1":
  version: 0.0.0-use.local
  resolution: "work1@workspace:packages/work1"
  dependencies:
    lodash: 4.17.19
  languageName: unknown
  linkType: soft

"work2@workspace:*, work2@workspace:packages/work2":
  version: 0.0.0-use.local
  resolution: "work2@workspace:packages/work2"
  dependencies:
    lodash: 4.17.19
  languageName: unknown
  linkType: soft
